// !$*UTF8*$!
{
	archiveVersion = 1;
	classes = {
	};
	objectVersion = 56;
	objects = {

/* Begin PBXBuildFile section */
		A10000010000000000000001 /* OpenClawInstallerApp.swift in Sources */ = {isa = PBXBuildFile; fileRef = A20000010000000000000001 /* OpenClawInstallerApp.swift */; };
		A10000010000000000000002 /* InstallerViewModel.swift in Sources */ = {isa = PBXBuildFile; fileRef = A20000010000000000000002 /* InstallerViewModel.swift */; };
		A10000010000000000000003 /* ShellExecutor.swift in Sources */ = {isa = PBXBuildFile; fileRef = A20000010000000000000003 /* ShellExecutor.swift */; };
		A10000010000000000000004 /* WelcomeView.swift in Sources */ = {isa = PBXBuildFile; fileRef = A20000010000000000000004 /* WelcomeView.swift */; };
		A10000010000000000000005 /* MethodSelectionView.swift in Sources */ = {isa = PBXBuildFile; fileRef = A20000010000000000000005 /* MethodSelectionView.swift */; };
		A10000010000000000000006 /* DependencyCheckView.swift in Sources */ = {isa = PBXBuildFile; fileRef = A20000010000000000000006 /* DependencyCheckView.swift */; };
		A10000010000000000000007 /* InstallProgressView.swift in Sources */ = {isa = PBXBuildFile; fileRef = A20000010000000000000007 /* InstallProgressView.swift */; };
		A10000010000000000000008 /* CompletionView.swift in Sources */ = {isa = PBXBuildFile; fileRef = A20000010000000000000008 /* CompletionView.swift */; };
		A10000010000000000000009 /* ContentView.swift in Sources */ = {isa = PBXBuildFile; fileRef = A20000010000000000000009 /* ContentView.swift */; };
		A10000010000000000000010 /* Assets.xcassets in Resources */ = {isa = PBXBuildFile; fileRef = A20000010000000000000010 /* Assets.xcassets */; };
		A10000010000000000000011 /* OnboardingView.swift in Sources */ = {isa = PBXBuildFile; fileRef = A20000010000000000000013 /* OnboardingView.swift */; };
		A10000010000000000000014 /* ConfigEditorView.swift in Sources */ = {isa = PBXBuildFile; fileRef = A20000010000000000000014 /* ConfigEditorView.swift */; };
		A10000010000000000000015 /* ConfigSectionEditors.swift in Sources */ = {isa = PBXBuildFile; fileRef = A20000010000000000000015 /* ConfigSectionEditors.swift */; };
		A10000010000000000000017 /* SharedConfigContent.swift in Sources */ = {isa = PBXBuildFile; fileRef = A20000010000000000000017 /* SharedConfigContent.swift */; };
		A10000010000000000000016 /* DoctorView.swift in Sources */ = {isa = PBXBuildFile; fileRef = A20000010000000000000016 /* DoctorView.swift */; };
		B10000010000000000000001 /* MockShellExecutor.swift in Sources */ = {isa = PBXBuildFile; fileRef = B20000010000000000000001 /* MockShellExecutor.swift */; };
		B10000010000000000000002 /* InstallerViewModelTests.swift in Sources */ = {isa = PBXBuildFile; fileRef = B20000010000000000000002 /* InstallerViewModelTests.swift */; };
		B10000010000000000000003 /* ModelProviderTests.swift in Sources */ = {isa = PBXBuildFile; fileRef = B20000010000000000000003 /* ModelProviderTests.swift */; };
		B10000010000000000000004 /* EnumTests.swift in Sources */ = {isa = PBXBuildFile; fileRef = B20000010000000000000004 /* EnumTests.swift */; };
		B10000010000000000000005 /* ShellExecutorTests.swift in Sources */ = {isa = PBXBuildFile; fileRef = B20000010000000000000005 /* ShellExecutorTests.swift */; };
/* End PBXBuildFile section */

/* Begin PBXContainerItemProxy section */
		B30000010000000000000001 /* PBXContainerItemProxy */ = {
			isa = PBXContainerItemProxy;
			containerPortal = A90000010000000000000001 /* Project object */;
			proxyType = 1;
			remoteGlobalIDString = A50000010000000000000001;
			remoteInfo = OpenClawInstaller;
		};
/* End PBXContainerItemProxy section */

/* Begin PBXFileReference section */
		A20000010000000000000001 /* OpenClawInstallerApp.swift */ = {isa = PBXFileReference; lastKnownFileType = sourcecode.swift; path = OpenClawInstallerApp.swift; sourceTree = "<group>"; };
		A20000010000000000000002 /* InstallerViewModel.swift */ = {isa = PBXFileReference; lastKnownFileType = sourcecode.swift; path = InstallerViewModel.swift; sourceTree = "<group>"; };
		A20000010000000000000003 /* ShellExecutor.swift */ = {isa = PBXFileReference; lastKnownFileType = sourcecode.swift; path = ShellExecutor.swift; sourceTree = "<group>"; };
		A20000010000000000000004 /* WelcomeView.swift */ = {isa = PBXFileReference; lastKnownFileType = sourcecode.swift; path = WelcomeView.swift; sourceTree = "<group>"; };
		A20000010000000000000005 /* MethodSelectionView.swift */ = {isa = PBXFileReference; lastKnownFileType = sourcecode.swift; path = MethodSelectionView.swift; sourceTree = "<group>"; };
		A20000010000000000000006 /* DependencyCheckView.swift */ = {isa = PBXFileReference; lastKnownFileType = sourcecode.swift; path = DependencyCheckView.swift; sourceTree = "<group>"; };
		A20000010000000000000007 /* InstallProgressView.swift */ = {isa = PBXFileReference; lastKnownFileType = sourcecode.swift; path = InstallProgressView.swift; sourceTree = "<group>"; };
		A20000010000000000000008 /* CompletionView.swift */ = {isa = PBXFileReference; lastKnownFileType = sourcecode.swift; path = CompletionView.swift; sourceTree = "<group>"; };
		A20000010000000000000009 /* ContentView.swift */ = {isa = PBXFileReference; lastKnownFileType = sourcecode.swift; path = ContentView.swift; sourceTree = "<group>"; };
		A20000010000000000000010 /* Assets.xcassets */ = {isa = PBXFileReference; lastKnownFileType = folder.assetcatalog; path = Assets.xcassets; sourceTree = "<group>"; };
		A20000010000000000000011 /* OpenClawInstaller.app */ = {isa = PBXFileReference; explicitFileType = wrapper.application; includeInIndex = 0; path = OpenClawInstaller.app; sourceTree = BUILT_PRODUCTS_DIR; };
		A20000010000000000000012 /* OpenClawInstaller.entitlements */ = {isa = PBXFileReference; lastKnownFileType = text.plist.entitlements; path = OpenClawInstaller.entitlements; sourceTree = "<group>"; };
		A20000010000000000000013 /* OnboardingView.swift */ = {isa = PBXFileReference; lastKnownFileType = sourcecode.swift; path = OnboardingView.swift; sourceTree = "<group>"; };
		A20000010000000000000014 /* ConfigEditorView.swift */ = {isa = PBXFileReference; lastKnownFileType = sourcecode.swift; path = ConfigEditorView.swift; sourceTree = "<group>"; };
		A20000010000000000000015 /* ConfigSectionEditors.swift */ = {isa = PBXFileReference; lastKnownFileType = sourcecode.swift; path = ConfigSectionEditors.swift; sourceTree = "<group>"; };
		A20000010000000000000017 /* SharedConfigContent.swift */ = {isa = PBXFileReference; lastKnownFileType = sourcecode.swift; path = SharedConfigContent.swift; sourceTree = "<group>"; };
		A20000010000000000000016 /* DoctorView.swift */ = {isa = PBXFileReference; lastKnownFileType = sourcecode.swift; path = DoctorView.swift; sourceTree = "<group>"; };
		B20000010000000000000001 /* MockShellExecutor.swift */ = {isa = PBXFileReference; lastKnownFileType = sourcecode.swift; path = MockShellExecutor.swift; sourceTree = "<group>"; };
		B20000010000000000000002 /* InstallerViewModelTests.swift */ = {isa = PBXFileReference; lastKnownFileType = sourcecode.swift; path = InstallerViewModelTests.swift; sourceTree = "<group>"; };
		B20000010000000000000003 /* ModelProviderTests.swift */ = {isa = PBXFileReference; lastKnownFileType = sourcecode.swift; path = ModelProviderTests.swift; sourceTree = "<group>"; };
		B20000010000000000000004 /* EnumTests.swift */ = {isa = PBXFileReference; lastKnownFileType = sourcecode.swift; path = EnumTests.swift; sourceTree = "<group>"; };
		B20000010000000000000005 /* ShellExecutorTests.swift */ = {isa = PBXFileReference; lastKnownFileType = sourcecode.swift; path = ShellExecutorTests.swift; sourceTree = "<group>"; };
		B20000010000000000000006 /* OpenClawInstallerTests.xctest */ = {isa = PBXFileReference; explicitFileType = wrapper.cfbundle; includeInIndex = 0; path = OpenClawInstallerTests.xctest; sourceTree = BUILT_PRODUCTS_DIR; };
/* End PBXFileReference section */

/* Begin PBXFrameworksBuildPhase section */
		A30000010000000000000001 /* Frameworks */ = {
			isa = PBXFrameworksBuildPhase;
			buildActionMask = 2147483647;
			files = (
			);
			runOnlyForDeploymentPostprocessing = 0;
		};
		B30000010000000000000002 /* Frameworks */ = {
			isa = PBXFrameworksBuildPhase;
			buildActionMask = 2147483647;
			files = (
			);
			runOnlyForDeploymentPostprocessing = 0;
		};
/* End PBXFrameworksBuildPhase section */

/* Begin PBXGroup section */
		A40000010000000000000001 = {
			isa = PBXGroup;
			children = (
				A40000010000000000000002 /* OpenClawInstaller */,
				B40000010000000000000001 /* OpenClawInstallerTests */,
				A40000010000000000000006 /* Products */,
			);
			sourceTree = "<group>";
		};
		A40000010000000000000002 /* OpenClawInstaller */ = {
			isa = PBXGroup;
			children = (
				A20000010000000000000001 /* OpenClawInstallerApp.swift */,
				A20000010000000000000009 /* ContentView.swift */,
				A40000010000000000000003 /* Views */,
				A40000010000000000000004 /* ViewModels */,
				A40000010000000000000005 /* Helpers */,
				A20000010000000000000010 /* Assets.xcassets */,
				A20000010000000000000012 /* OpenClawInstaller.entitlements */,
			);
			path = OpenClawInstaller;
			sourceTree = "<group>";
		};
		A40000010000000000000003 /* Views */ = {
			isa = PBXGroup;
			children = (
				A20000010000000000000004 /* WelcomeView.swift */,
				A20000010000000000000005 /* MethodSelectionView.swift */,
				A20000010000000000000006 /* DependencyCheckView.swift */,
				A20000010000000000000007 /* InstallProgressView.swift */,
				A20000010000000000000008 /* CompletionView.swift */,
				A20000010000000000000013 /* OnboardingView.swift */,
				A20000010000000000000014 /* ConfigEditorView.swift */,
				A20000010000000000000015 /* ConfigSectionEditors.swift */,
				A20000010000000000000017 /* SharedConfigContent.swift */,
				A20000010000000000000016 /* DoctorView.swift */,
			);
			path = Views;
			sourceTree = "<group>";
		};
		A40000010000000000000004 /* ViewModels */ = {
			isa = PBXGroup;
			children = (
				A20000010000000000000002 /* InstallerViewModel.swift */,
			);
			path = ViewModels;
			sourceTree = "<group>";
		};
		A40000010000000000000005 /* Helpers */ = {
			isa = PBXGroup;
			children = (
				A20000010000000000000003 /* ShellExecutor.swift */,
			);
			path = Helpers;
			sourceTree = "<group>";
		};
		A40000010000000000000006 /* Products */ = {
			isa = PBXGroup;
			children = (
				A20000010000000000000011 /* OpenClawInstaller.app */,
				B20000010000000000000006 /* OpenClawInstallerTests.xctest */,
			);
			name = Products;
			sourceTree = "<group>";
		};
		B40000010000000000000001 /* OpenClawInstallerTests */ = {
			isa = PBXGroup;
			children = (
				B20000010000000000000001 /* MockShellExecutor.swift */,
				B20000010000000000000002 /* InstallerViewModelTests.swift */,
				B20000010000000000000003 /* ModelProviderTests.swift */,
				B20000010000000000000004 /* EnumTests.swift */,
				B20000010000000000000005 /* ShellExecutorTests.swift */,
			);
			path = OpenClawInstallerTests;
			sourceTree = "<group>";
		};
/* End PBXGroup section */

/* Begin PBXNativeTarget section */
		A50000010000000000000001 /* OpenClawInstaller */ = {
			isa = PBXNativeTarget;
			buildConfigurationList = A70000010000000000000003 /* Build configuration list for PBXNativeTarget "OpenClawInstaller" */;
			buildPhases = (
				A60000010000000000000001 /* Sources */,
				A30000010000000000000001 /* Frameworks */,
				A80000010000000000000001 /* Resources */,
			);
			buildRules = (
			);
			dependencies = (
			);
			name = OpenClawInstaller;
			productName = OpenClawInstaller;
			productReference = A20000010000000000000011 /* OpenClawInstaller.app */;
			productType = "com.apple.product-type.application";
		};
		B50000010000000000000001 /* OpenClawInstallerTests */ = {
			isa = PBXNativeTarget;
			buildConfigurationList = B70000010000000000000001 /* Build configuration list for PBXNativeTarget "OpenClawInstallerTests" */;
			buildPhases = (
				B60000010000000000000001 /* Sources */,
				B30000010000000000000002 /* Frameworks */,
			);
			buildRules = (
			);
			dependencies = (
				B50000010000000000000002 /* PBXTargetDependency */,
			);
			name = OpenClawInstallerTests;
			productName = OpenClawInstallerTests;
			productReference = B20000010000000000000006 /* OpenClawInstallerTests.xctest */;
			productType = "com.apple.product-type.bundle.unit-test";
		};
/* End PBXNativeTarget section */

/* Begin PBXProject section */
		A90000010000000000000001 /* Project object */ = {
			isa = PBXProject;
			attributes = {
				BuildIndependentTargetsInParallel = 1;
				LastSwiftUpdateCheck = 1500;
				LastUpgradeCheck = 1500;
				TargetAttributes = {
					A50000010000000000000001 = {
						CreatedOnToolsVersion = 15.0;
					};
					B50000010000000000000001 = {
						CreatedOnToolsVersion = 15.0;
						TestTargetID = A50000010000000000000001;
					};
				};
			};
			buildConfigurationList = A70000010000000000000001 /* Build configuration list for PBXProject "OpenClawInstaller" */;
			compatibilityVersion = "Xcode 14.0";
			developmentRegion = en;
			hasScannedForEncodings = 0;
			knownRegions = (
				en,
				Base,
			);
			mainGroup = A40000010000000000000001;
			productRefGroup = A40000010000000000000006 /* Products */;
			projectDirPath = "";
			projectRoot = "";
			targets = (
				A50000010000000000000001 /* OpenClawInstaller */,
				B50000010000000000000001 /* OpenClawInstallerTests */,
			);
		};
/* End PBXProject section */

/* Begin PBXResourcesBuildPhase section */
		A80000010000000000000001 /* Resources */ = {
			isa = PBXResourcesBuildPhase;
			buildActionMask = 2147483647;
			files = (
				A10000010000000000000010 /* Assets.xcassets in Resources */,
			);
			runOnlyForDeploymentPostprocessing = 0;
		};
/* End PBXResourcesBuildPhase section */

/* Begin PBXSourcesBuildPhase section */
		A60000010000000000000001 /* Sources */ = {
			isa = PBXSourcesBuildPhase;
			buildActionMask = 2147483647;
			files = (
				A10000010000000000000001 /* OpenClawInstallerApp.swift in Sources */,
				A10000010000000000000002 /* InstallerViewModel.swift in Sources */,
				A10000010000000000000003 /* ShellExecutor.swift in Sources */,
				A10000010000000000000004 /* WelcomeView.swift in Sources */,
				A10000010000000000000005 /* MethodSelectionView.swift in Sources */,
				A10000010000000000000006 /* DependencyCheckView.swift in Sources */,
				A10000010000000000000007 /* InstallProgressView.swift in Sources */,
				A10000010000000000000008 /* CompletionView.swift in Sources */,
				A10000010000000000000009 /* ContentView.swift in Sources */,
				A10000010000000000000011 /* OnboardingView.swift in Sources */,
				A10000010000000000000014 /* ConfigEditorView.swift in Sources */,
				A10000010000000000000015 /* ConfigSectionEditors.swift in Sources */,
				A10000010000000000000017 /* SharedConfigContent.swift in Sources */,
				A10000010000000000000016 /* DoctorView.swift in Sources */,
			);
			runOnlyForDeploymentPostprocessing = 0;
		};
		B60000010000000000000001 /* Sources */ = {
			isa = PBXSourcesBuildPhase;
			buildActionMask = 2147483647;
			files = (
				B10000010000000000000001 /* MockShellExecutor.swift in Sources */,
				B10000010000000000000002 /* InstallerViewModelTests.swift in Sources */,
				B10000010000000000000003 /* ModelProviderTests.swift in Sources */,
				B10000010000000000000004 /* EnumTests.swift in Sources */,
				B10000010000000000000005 /* ShellExecutorTests.swift in Sources */,
			);
			runOnlyForDeploymentPostprocessing = 0;
		};
/* End PBXSourcesBuildPhase section */

/* Begin PBXTargetDependency section */
		B50000010000000000000002 /* PBXTargetDependency */ = {
			isa = PBXTargetDependency;
			target = A50000010000000000000001 /* OpenClawInstaller */;
			targetProxy = B30000010000000000000001 /* PBXContainerItemProxy */;
		};
/* End PBXTargetDependency section */

/* Begin XCBuildConfiguration section */
		A70000010000000000000004 /* Debug */ = {
			isa = XCBuildConfiguration;
			buildSettings = {
				ALWAYS_SEARCH_USER_PATHS = NO;
				ASSETCATALOG_COMPILER_GENERATE_SWIFT_ASSET_SYMBOL_EXTENSIONS = YES;
				CLANG_ANALYZER_NONNULL = YES;
				CLANG_ANALYZER_NUMBER_OBJECT_CONVERSION = YES_AGGRESSIVE;
				CLANG_CXX_LANGUAGE_STANDARD = "gnu++20";
				CLANG_ENABLE_MODULES = YES;
				CLANG_ENABLE_OBJC_ARC = YES;
				CLANG_ENABLE_OBJC_WEAK = YES;
				CLANG_WARN_BLOCK_CAPTURE_AUTORELEASING = YES;
				CLANG_WARN_BOOL_CONVERSION = YES;
				CLANG_WARN_COMMA = YES;
				CLANG_WARN_CONSTANT_CONVERSION = YES;
				CLANG_WARN_DEPRECATED_OBJC_IMPLEMENTATIONS = YES;
				CLANG_WARN_DIRECT_OBJC_ISA_USAGE = YES_ERROR;
				CLANG_WARN_DOCUMENTATION_COMMENTS = YES;
				CLANG_WARN_EMPTY_BODY = YES;
				CLANG_WARN_ENUM_CONVERSION = YES;
				CLANG_WARN_INFINITE_RECURSION = YES;
				CLANG_WARN_INT_CONVERSION = YES;
				CLANG_WARN_NON_LITERAL_NULL_CONVERSION = YES;
				CLANG_WARN_OBJC_IMPLICIT_RETAIN_SELF = YES;
				CLANG_WARN_OBJC_LITERAL_CONVERSION = YES;
				CLANG_WARN_OBJC_ROOT_CLASS = YES_ERROR;
				CLANG_WARN_QUOTED_INCLUDE_IN_FRAMEWORK_HEADER = YES;
				CLANG_WARN_RANGE_LOOP_ANALYSIS = YES;
				CLANG_WARN_STRICT_PROTOTYPES = YES;
				CLANG_WARN_SUSPICIOUS_MOVE = YES;
				CLANG_WARN_UNGUARDED_AVAILABILITY = YES_AGGRESSIVE;
				CLANG_WARN_UNREACHABLE_CODE = YES;
				CLANG_WARN__DUPLICATE_METHOD_MATCH = YES;
				COPY_PHASE_STRIP = NO;
				DEBUG_INFORMATION_FORMAT = dwarf;
				ENABLE_STRICT_OBJC_MSGSEND = YES;
				ENABLE_TESTABILITY = YES;
				ENABLE_USER_SCRIPT_SANDBOXING = YES;
				GCC_C_LANGUAGE_STANDARD = gnu17;
				GCC_DYNAMIC_NO_PIC = NO;
				GCC_NO_COMMON_BLOCKS = YES;
				GCC_OPTIMIZATION_LEVEL = 0;
				GCC_PREPROCESSOR_DEFINITIONS = (
					"DEBUG=1",
					"$(inherited)",
				);
				GCC_WARN_64_TO_32_BIT_CONVERSION = YES;
				GCC_WARN_ABOUT_RETURN_TYPE = YES_ERROR;
				GCC_WARN_UNDECLARED_SELECTOR = YES;
				GCC_WARN_UNINITIALIZED_AUTOS = YES_AGGRESSIVE;
				GCC_WARN_UNUSED_FUNCTION = YES;
				GCC_WARN_UNUSED_VARIABLE = YES;
				MACOSX_DEPLOYMENT_TARGET = 13.0;
				MTL_ENABLE_DEBUG_INFO = INCLUDE_SOURCE;
				MTL_FAST_MATH = YES;
				ONLY_ACTIVE_ARCH = YES;
				SDKROOT = macosx;
				SWIFT_ACTIVE_COMPILATION_CONDITIONS = "DEBUG $(inherited)";
				SWIFT_OPTIMIZATION_LEVEL = "-Onone";
			};
			name = Debug;
		};
		A70000010000000000000005 /* Release */ = {
			isa = XCBuildConfiguration;
			buildSettings = {
				ALWAYS_SEARCH_USER_PATHS = NO;
				ASSETCATALOG_COMPILER_GENERATE_SWIFT_ASSET_SYMBOL_EXTENSIONS = YES;
				CLANG_ANALYZER_NONNULL = YES;
				CLANG_ANALYZER_NUMBER_OBJECT_CONVERSION = YES_AGGRESSIVE;
				CLANG_CXX_LANGUAGE_STANDARD = "gnu++20";
				CLANG_ENABLE_MODULES = YES;
				CLANG_ENABLE_OBJC_ARC = YES;
				CLANG_ENABLE_OBJC_WEAK = YES;
				CLANG_WARN_BLOCK_CAPTURE_AUTORELEASING = YES;
				CLANG_WARN_BOOL_CONVERSION = YES;
				CLANG_WARN_COMMA = YES;
				CLANG_WARN_CONSTANT_CONVERSION = YES;
				CLANG_WARN_DEPRECATED_OBJC_IMPLEMENTATIONS = YES;
				CLANG_WARN_DIRECT_OBJC_ISA_USAGE = YES_ERROR;
				CLANG_WARN_DOCUMENTATION_COMMENTS = YES;
				CLANG_WARN_EMPTY_BODY = YES;
				CLANG_WARN_ENUM_CONVERSION = YES;
				CLANG_WARN_INFINITE_RECURSION = YES;
				CLANG_WARN_INT_CONVERSION = YES;
				CLANG_WARN_NON_LITERAL_NULL_CONVERSION = YES;
				CLANG_WARN_OBJC_IMPLICIT_RETAIN_SELF = YES;
				CLANG_WARN_OBJC_LITERAL_CONVERSION = YES;
				CLANG_WARN_OBJC_ROOT_CLASS = YES_ERROR;
				CLANG_WARN_QUOTED_INCLUDE_IN_FRAMEWORK_HEADER = YES;
				CLANG_WARN_RANGE_LOOP_ANALYSIS = YES;
				CLANG_WARN_STRICT_PROTOTYPES = YES;
				CLANG_WARN_SUSPICIOUS_MOVE = YES;
				CLANG_WARN_UNGUARDED_AVAILABILITY = YES_AGGRESSIVE;
				CLANG_WARN_UNREACHABLE_CODE = YES;
				CLANG_WARN__DUPLICATE_METHOD_MATCH = YES;
				COPY_PHASE_STRIP = NO;
				DEBUG_INFORMATION_FORMAT = "dwarf-with-dsym";
				ENABLE_NS_ASSERTIONS = NO;
				ENABLE_STRICT_OBJC_MSGSEND = YES;
				ENABLE_USER_SCRIPT_SANDBOXING = YES;
				GCC_C_LANGUAGE_STANDARD = gnu17;
				GCC_NO_COMMON_BLOCKS = YES;
				GCC_WARN_64_TO_32_BIT_CONVERSION = YES;
				GCC_WARN_ABOUT_RETURN_TYPE = YES_ERROR;
				GCC_WARN_UNDECLARED_SELECTOR = YES;
				GCC_WARN_UNINITIALIZED_AUTOS = YES_AGGRESSIVE;
				GCC_WARN_UNUSED_FUNCTION = YES;
				GCC_WARN_UNUSED_VARIABLE = YES;
				MACOSX_DEPLOYMENT_TARGET = 13.0;
				MTL_ENABLE_DEBUG_INFO = NO;
				MTL_FAST_MATH = YES;
				SDKROOT = macosx;
				SWIFT_COMPILATION_MODE = wholemodule;
			};
			name = Release;
		};
		A70000010000000000000006 /* Debug */ = {
			isa = XCBuildConfiguration;
			buildSettings = {
				ASSETCATALOG_COMPILER_APPICON_NAME = AppIcon;
				ASSETCATALOG_COMPILER_GLOBAL_ACCENT_COLOR_NAME = AccentColor;
				AUTOMATION_APPLE_EVENTS = NO;
				CODE_SIGN_ENTITLEMENTS = OpenClawInstaller/OpenClawInstaller.entitlements;
				"CODE_SIGN_IDENTITY[sdk=macosx*]" = "-";
				CODE_SIGN_STYLE = Automatic;
				COMBINE_HIDPI_IMAGES = YES;
				CURRENT_PROJECT_VERSION = 1;
				DEVELOPMENT_TEAM = 78HU77A6MD;
				ENABLE_HARDENED_RUNTIME = YES;
				ENABLE_RESOURCE_ACCESS_AUDIO_INPUT = NO;
				ENABLE_RESOURCE_ACCESS_CALENDARS = NO;
				ENABLE_RESOURCE_ACCESS_CAMERA = NO;
				ENABLE_RESOURCE_ACCESS_CONTACTS = NO;
				ENABLE_RESOURCE_ACCESS_LOCATION = NO;
				ENABLE_RESOURCE_ACCESS_PHOTO_LIBRARY = NO;
				GENERATE_INFOPLIST_FILE = YES;
				INFOPLIST_KEY_LSApplicationCategoryType = "public.app-category.developer-tools";
				INFOPLIST_KEY_NSHumanReadableCopyright = "Copyright © 2026 OpenClaw. All rights reserved.";
				LD_RUNPATH_SEARCH_PATHS = (
					"$(inherited)",
					"@executable_path/../Frameworks",
				);
				MARKETING_VERSION = 1.0.2;
				PRODUCT_BUNDLE_IDENTIFIER = ai.openclaw.installer;
				PRODUCT_NAME = "$(TARGET_NAME)";
				RUNTIME_EXCEPTION_ALLOW_DYLD_ENVIRONMENT_VARIABLES = NO;
				RUNTIME_EXCEPTION_ALLOW_JIT = NO;
				RUNTIME_EXCEPTION_ALLOW_UNSIGNED_EXECUTABLE_MEMORY = NO;
				RUNTIME_EXCEPTION_DEBUGGING_TOOL = NO;
				RUNTIME_EXCEPTION_DISABLE_EXECUTABLE_PAGE_PROTECTION = NO;
				RUNTIME_EXCEPTION_DISABLE_LIBRARY_VALIDATION = NO;
				SWIFT_EMIT_LOC_STRINGS = YES;
				SWIFT_VERSION = 5.0;
			};
			name = Debug;
		};
		A70000010000000000000007 /* Release */ = {
			isa = XCBuildConfiguration;
			buildSettings = {
				ASSETCATALOG_COMPILER_APPICON_NAME = AppIcon;
				ASSETCATALOG_COMPILER_GLOBAL_ACCENT_COLOR_NAME = AccentColor;
				AUTOMATION_APPLE_EVENTS = NO;
				CODE_SIGN_ENTITLEMENTS = OpenClawInstaller/OpenClawInstaller.entitlements;
				"CODE_SIGN_IDENTITY[sdk=macosx*]" = "-";
				CODE_SIGN_STYLE = Automatic;
				COMBINE_HIDPI_IMAGES = YES;
				CURRENT_PROJECT_VERSION = 3;
				DEVELOPMENT_TEAM = 78HU77A6MD;
				ENABLE_HARDENED_RUNTIME = YES;
				ENABLE_RESOURCE_ACCESS_AUDIO_INPUT = NO;
				ENABLE_RESOURCE_ACCESS_CALENDARS = NO;
				ENABLE_RESOURCE_ACCESS_CAMERA = NO;
				ENABLE_RESOURCE_ACCESS_CONTACTS = NO;
				ENABLE_RESOURCE_ACCESS_LOCATION = NO;
				ENABLE_RESOURCE_ACCESS_PHOTO_LIBRARY = NO;
				GENERATE_INFOPLIST_FILE = YES;
				INFOPLIST_KEY_LSApplicationCategoryType = "public.app-category.developer-tools";
				INFOPLIST_KEY_NSHumanReadableCopyright = "Copyright © 2026 OpenClaw. All rights reserved.";
				LD_RUNPATH_SEARCH_PATHS = (
					"$(inherited)",
					"@executable_path/../Frameworks",
				);
				MARKETING_VERSION = 1.0.2;
				PRODUCT_BUNDLE_IDENTIFIER = ai.openclaw.installer;
				PRODUCT_NAME = "$(TARGET_NAME)";
				RUNTIME_EXCEPTION_ALLOW_DYLD_ENVIRONMENT_VARIABLES = NO;
				RUNTIME_EXCEPTION_ALLOW_JIT = NO;
				RUNTIME_EXCEPTION_ALLOW_UNSIGNED_EXECUTABLE_MEMORY = NO;
				RUNTIME_EXCEPTION_DEBUGGING_TOOL = NO;
				RUNTIME_EXCEPTION_DISABLE_EXECUTABLE_PAGE_PROTECTION = NO;
				RUNTIME_EXCEPTION_DISABLE_LIBRARY_VALIDATION = NO;
				SWIFT_EMIT_LOC_STRINGS = YES;
				SWIFT_VERSION = 5.0;
			};
			name = Release;
		};
		B70000010000000000000002 /* Debug */ = {
			isa = XCBuildConfiguration;
			buildSettings = {
				BUNDLE_LOADER = "$(TEST_HOST)";
				"CODE_SIGN_IDENTITY[sdk=macosx*]" = "-";
				CODE_SIGN_STYLE = Automatic;
				CURRENT_PROJECT_VERSION = 1;
				DEVELOPMENT_TEAM = 78HU77A6MD;
				GENERATE_INFOPLIST_FILE = YES;
				MACOSX_DEPLOYMENT_TARGET = 13.0;
				MARKETING_VERSION = 1.0.2;
				PRODUCT_BUNDLE_IDENTIFIER = ai.openclaw.installer.tests;
				PRODUCT_NAME = "$(TARGET_NAME)";
				SWIFT_EMIT_LOC_STRINGS = NO;
				SWIFT_VERSION = 5.0;
				TEST_HOST = "$(BUILT_PRODUCTS_DIR)/OpenClawInstaller.app/Contents/MacOS/OpenClawInstaller";
			};
			name = Debug;
		};
		B70000010000000000000003 /* Release */ = {
			isa = XCBuildConfiguration;
			buildSettings = {
				BUNDLE_LOADER = "$(TEST_HOST)";
				"CODE_SIGN_IDENTITY[sdk=macosx*]" = "-";
				CODE_SIGN_STYLE = Automatic;
				CURRENT_PROJECT_VERSION = 1;
				DEVELOPMENT_TEAM = 78HU77A6MD;
				GENERATE_INFOPLIST_FILE = YES;
				MACOSX_DEPLOYMENT_TARGET = 13.0;
				MARKETING_VERSION = 1.0.2;
				PRODUCT_BUNDLE_IDENTIFIER = ai.openclaw.installer.tests;
				PRODUCT_NAME = "$(TARGET_NAME)";
				SWIFT_EMIT_LOC_STRINGS = NO;
				SWIFT_VERSION = 5.0;
				TEST_HOST = "$(BUILT_PRODUCTS_DIR)/OpenClawInstaller.app/Contents/MacOS/OpenClawInstaller";
			};
			name = Release;
		};
/* End XCBuildConfiguration section */

/* Begin XCConfigurationList section */
		A70000010000000000000001 /* Build configuration list for PBXProject "OpenClawInstaller" */ = {
			isa = XCConfigurationList;
			buildConfigurations = (
				A70000010000000000000004 /* Debug */,
				A70000010000000000000005 /* Release */,
			);
			defaultConfigurationIsVisible = 0;
			defaultConfigurationName = Release;
		};
		A70000010000000000000003 /* Build configuration list for PBXNativeTarget "OpenClawInstaller" */ = {
			isa = XCConfigurationList;
			buildConfigurations = (
				A70000010000000000000006 /* Debug */,
				A70000010000000000000007 /* Release */,
			);
			defaultConfigurationIsVisible = 0;
			defaultConfigurationName = Release;
		};
		B70000010000000000000001 /* Build configuration list for PBXNativeTarget "OpenClawInstallerTests" */ = {
			isa = XCConfigurationList;
			buildConfigurations = (
				B70000010000000000000002 /* Debug */,
				B70000010000000000000003 /* Release */,
			);
			defaultConfigurationIsVisible = 0;
			defaultConfigurationName = Release;
		};
/* End XCConfigurationList section */
	};
	rootObject = A90000010000000000000001 /* Project object */;
}
